version = 1
revision = 3
requires-python = ">=3.11, <3.15"

[[package]]
name = "compact-image-obstructions-evidence"
version = "0.1.0"
source = { virtual = "." }
dependencies = [
    { name = "hypothesis" },
]

[package.metadata]
requires-dist = [{ name = "hypothesis", specifier = "==6.163.0" }]

[[package]]
name = "hypothesis"
version = "6.163.0"
source = { registry = "https://pypi.org/simple" }
dependencies = [
    { name = "sortedcontainers" },
]
sdist = { url = "https://files.pythonhosted.org/packages/61/08/4cbfa0327e9df00f57fc67f91847add2f0dd6c23408935273b095ee9a9f1/hypothesis-6.163.0.tar.gz", hash = "sha256:520480d4bd3a17557616c25923640953e360332c89d012fffcebd69857e674a9", size = 490145, upload-time = "2026-07-28T07:16:46.026Z" }
wheels = [
    { url = "https://files.pythonhosted.org/packages/89/b1/3eea7a422de342bd0095a9672c3e03fe0466e4561a55499a1e01b4a9f098/hypothesis-6.163.0-cp310-abi3-macosx_10_12_x86_64.whl", hash = "sha256:331906cb029b6b360b8ebac3ec00c3cfa720037fe2efb294a503a1979c9a9a8f", size = 769898, upload-time = "2026-07-28T07:15:19.323Z" },
    { url = "https://files.pythonhosted.org/packages/bc/24/45b5c948c76c16ecf1e4ad1ca4a4a3fce55b3317ee172bc8230ff2956ae1/hypothesis-6.163.0-cp310-abi3-macosx_11_0_arm64.whl", hash = "sha256:b4ad2134405d5345434c22dea96bbc12c85abcfc3c253a8063dbc9ff01164555", size = 765438, upload-time = "2026-07-28T07:16:04.69Z" },
    { url = "https://files.pythonhosted.org/packages/0f/72/7725039a75b3679dc445a169026b11860a0e67a600c4ffed49a42040a000/hypothesis-6.163.0-cp310-abi3-manylinux_2_17_aarch64.manylinux2014_aarch64.whl", hash = "sha256:50073f8e63c1e7d3403899755657a990d8bba7b5b5bff66b1c56796d4969bb28", size = 1094699, upload-time = "2026-07-28T07:15:56.668Z" },
    { url = "https://files.pythonhosted.org/packages/dd/fa/bcfa3879f303a302ec6e5f4d35b583924867a0821b42fa275f440f3b8dab/hypothesis-6.163.0-cp310-abi3-manylinux_2_17_armv7l.manylinux2014_armv7l.whl", hash = "sha256:8c5d1e6bad47edf6fb1d7406cf6d67314ac08325c63a49550d782a4596ea302b", size = 1123315, upload-time = "2026-07-28T07:16:40.381Z" },
    { url = "https://files.pythonhosted.org/packages/5f/7f/e7fe2f0658db5182bb1d4b266d17f8f81cf3db82eeba27677ddfea13ac09/hypothesis-6.163.0-cp310-abi3-manylinux_2_17_x86_64.manylinux2014_x86_64.whl", hash = "sha256:c0ec3b709508ccd835d8ded1db025b7800618f2289a22a6bfd4927da5f4eb33c", size = 1144220, upload-time = "2026-07-28T07:15:20.617Z" },
    { url = "https://files.pythonhosted.org/packages/90/14/c26f93a4693bfd83d7ba14b7043d986458026f6635d1b157bc2f1c56a59e/hypothesis-6.163.0-cp310-abi3-manylinux_2_31_riscv64.whl", hash = "sha256:7cb3d927360fe73f9a06d646e6082237142ee39c24679c7133d22bf06dd03b45", size = 1099527, upload-time = "2026-07-28T07:16:17.955Z" },
    { url = "https://files.pythonhosted.org/packages/ea/f5/4c1dde28d2e18e169dd6c471ef4bcf12abf3c6a3f4a1744bdabdbdf411ba/hypothesis-6.163.0-cp310-abi3-manylinux_2_5_i686.manylinux1_i686.whl", hash = "sha256:3f3cceb4720a39127622fbf3bcebe1775b894372c53b5edddfdef10bbdeef9ec", size = 1136272, upload-time = "2026-07-28T07:16:38.182Z" },
    { url = "https://files.pythonhosted.org/packages/3a/5b/54153509ed42cc17e1b65efe34a0c781f42fb04c902dc5f25486c537ec88/hypothesis-6.163.0-cp310-abi3-musllinux_1_2_aarch64.whl", hash = "sha256:59f5fdb8addb44c17520a60d50542d9db6ceba577bbf54efefa9c10ee20be140", size = 1268518, upload-time = "2026-07-28T07:15:42.991Z" },
    { url = "https://files.pythonhosted.org/packages/81/86/f86f0d15d91b9cbff3546c1b8891950b2b08c0527e7494133fb2180e1b8b/hypothesis-6.163.0-cp310-abi3-musllinux_1_2_armv7l.whl", hash = "sha256:f1fe222f50a1898e87a1e7323ab35f9e956278efabe4dd55a1342808206d05ad", size = 1396357, upload-time = "2026-07-28T07:15:26.696Z" },
    { url = "https://files.pythonhosted.org/packages/46/3a/c096b6b272f15e17e8e65c6ccfb2e1d167456ff5bbd9db33dca3185199f6/hypothesis-6.163.0-cp310-abi3-musllinux_1_2_riscv64.whl", hash = "sha256:56ed585baab75cb98462c57ca88bbdc6a9d935a14118dd572fb476c3ecec2a06", size = 1269128, upload-time = "2026-07-28T07:16:11.902Z" },
    { url = "https://files.pythonhosted.org/packages/bb/9f/0807445874b3083a22c9a14a0ffc31bd0060ef3b408ce4cb31c20779cdf8/hypothesis-6.163.0-cp310-abi3-musllinux_1_2_x86_64.whl", hash = "sha256:2849c23b2e0fe2eef4c1ec336b01eac7ad7397c49fca43c264f59ec1e6046eac", size = 1311189, upload-time = "2026-07-28T07:16:08.545Z" },
    { url = "https://files.pythonhosted.org/packages/d6/de/3319aa8fcffd1641defc1c5eea1ad646a33d1b62528ef487a89752bc8079/hypothesis-6.163.0-cp310-abi3-win32.whl", hash = "sha256:b2ddcdaf6691101e06dc4a5add7b8c8fdf1e68daba599255a281f3f3550d3331", size = 655743, upload-time = "2026-07-28T07:16:30.966Z" },
    { url = "https://files.pythonhosted.org/packages/8e/48/36bc72910451e6e88b75e59a6ddbf0db34ff61a3b11c9439801dfd5fec20/hypothesis-6.163.0-cp310-abi3-win_amd64.whl", hash = "sha256:4ab0dadc09c537d4ac57e564039dfe7daf09c98375306d54bfc0fd6c218efcca", size = 661902, upload-time = "2026-07-28T07:16:34.407Z" },
    { url = "https://files.pythonhosted.org/packages/63/80/796ac61dddb3ede550ea127e28e027a57a4ea481581c0bb27701fefd655a/hypothesis-6.163.0-cp311-cp311-macosx_10_12_x86_64.whl", hash = "sha256:213527755f0fc2b1f3721e73fd60023e2752a48f914e3e2df8d35111956ae5c8", size = 770366, upload-time = "2026-07-28T07:15:22.003Z" },
    { url = "https://files.pythonhosted.org/packages/eb/87/53924f322922bcfc05e40c79d432978333827b335fa9efa5fd1e8cbf3c90/hypothesis-6.163.0-cp311-cp311-macosx_11_0_arm64.whl", hash = "sha256:ca1b48bde68c528a79dec2a2859e05035802e5b1c9c3579f388c9de6ed6d0148", size = 766150, upload-time = "2026-07-28T07:15:16.151Z" },
    { url = "https://files.pythonhosted.org/packages/f3/fb/b62480e6510052139d7b2a0219d4ae8bd52ccad0ed74db15dd61330a6962/hypothesis-6.163.0-cp311-cp311-manylinux_2_17_aarch64.manylinux2014_aarch64.whl", hash = "sha256:7a3db868a943c814cc557104712d43bf609adfe5ea9f708f38377d366b4855f8", size = 1095046, upload-time = "2026-07-28T07:15:45.796Z" },
    { url = "https://files.pythonhosted.org/packages/4d/d7/fa8aac7b47f41d0fe30fa270c5026f37a0c0c60d7b9a1a93dcc8fcfc50ce/hypothesis-6.163.0-cp311-cp311-manylinux_2_17_x86_64.manylinux2014_x86_64.whl", hash = "sha256:4159a1c2560e10de51b1c14956e277eb1b37526c9abef9e87c1e531760486448", size = 1144516, upload-time = "2026-07-28T07:16:32.662Z" },
    { url = "https://files.pythonhosted.org/packages/4f/26/c543c76d8a8b8f58f2d7adf0cb42e4928be3464e95f4fa9d7221b42ea9ce/hypothesis-6.163.0-cp311-cp311-musllinux_1_2_aarch64.whl", hash = "sha256:ffdda3006a383a48f71a23b4f2b3fae3fe1b09af67925d885985f7ec34d66bcb", size = 1268886, upload-time = "2026-07-28T07:16:36.102Z" },
    { url = "https://files.pythonhosted.org/packages/d9/54/3613ef980cfa60f5c6bfbc533989d6c67b6b5f4e9e638fc6d010a5dd852f/hypothesis-6.163.0-cp311-cp311-musllinux_1_2_x86_64.whl", hash = "sha256:3b6cee2afe6c67b31a4a64b63a876e0b020befdc61daabea80f7a0e14f19203a", size = 1311472, upload-time = "2026-07-28T07:16:13.707Z" },
    { url = "https://files.pythonhosted.org/packages/af/0c/cbaebc49fd5807a4b4286dea6e60d5330951e43115d002371bdfc99e70f8/hypothesis-6.163.0-cp311-cp311-win_amd64.whl", hash = "sha256:0a933aca9ebf9daf951d07cf01200c94c321b6ee0b42cc7b67675c9686d914c2", size = 661580, upload-time = "2026-07-28T07:15:32.939Z" },
    { url = "https://files.pythonhosted.org/packages/8f/2c/74e989557efc429b28282cbe754c17fc74495467a72a1c94b5eb734fe374/hypothesis-6.163.0-cp312-cp312-macosx_10_12_x86_64.whl", hash = "sha256:a57352efa938889ea9992667a5014c0fc870d03945de71918574d1cf28276378", size = 771445, upload-time = "2026-07-28T07:16:44.2Z" },
    { url = "https://files.pythonhosted.org/packages/fd/08/3ed2089d8cbeae125ea92879e82b99ea3a8b676c837710019249ccab379f/hypothesis-6.163.0-cp312-cp312-macosx_11_0_arm64.whl", hash = "sha256:0a0c396244c13805edcb73ff467c4c8178ccefc41c4ef5ed00a68e612fd773e9", size = 763070, upload-time = "2026-07-28T07:15:34.318Z" },
    { url = "https://files.pythonhosted.org/packages/e5/1e/4e85a11f15e8ebd730f3b3e4a5d83653f7da482a4e81fa36958951d89b4a/hypothesis-6.163.0-cp312-cp312-manylinux_2_17_aarch64.manylinux2014_aarch64.whl", hash = "sha256:28a6cc1c25a6cc9b6ec079eaabd32ac769994831ecddd57123ce43c9056dcf34", size = 1093500, upload-time = "2026-07-28T07:15:49.539Z" },
    { url = "https://files.pythonhosted.org/packages/1f/29/c4790d2a5e6f48e6be5f868124a0d3c7e1d0102e2ca50503a0718e51289c/hypothesis-6.163.0-cp312-cp312-manylinux_2_17_x86_64.manylinux2014_x86_64.whl", hash = "sha256:bd312b15044b1c1a0920a5827a830559b2d1fa380851cedf509f8b835309c5b9", size = 1143541, upload-time = "2026-07-28T07:15:44.393Z" },
    { url = "https://files.pythonhosted.org/packages/da/a8/01b72694e758449e9b530b72ecaf5f3625c80a3968de0d12ee6e784de22e/hypothesis-6.163.0-cp312-cp312-musllinux_1_2_aarch64.whl", hash = "sha256:b839dfd1342bb50570cb0c66b80322307cdb468abf14faf5df4dab022bc1b9ce", size = 1266326, upload-time = "2026-07-28T07:15:12.604Z" },
    { url = "https://files.pythonhosted.org/packages/c5/a3/b3997add991e2fc6123b3c8dde3631f9f633db67ba23f5b2567736b50b9e/hypothesis-6.163.0-cp312-cp312-musllinux_1_2_x86_64.whl", hash = "sha256:c4f5be1482189c7b0a1dcac269fffe97a7d18cc04ac9a9a4d6613212dd87f38b", size = 1310536, upload-time = "2026-07-28T07:15:17.798Z" },
    { url = "https://files.pythonhosted.org/packages/5d/fe/36f576185d63ee0b4d94ed9564415de08baed4937e785b3695c8dd665c9c/hypothesis-6.163.0-cp312-cp312-win_amd64.whl", hash = "sha256:7ca7b20bf38d51e15f7808b0239791c4792b1709ce0c63093acaff56a09c31e6", size = 659021, upload-time = "2026-07-28T07:15:53.143Z" },
    { url = "https://files.pythonhosted.org/packages/58/69/c474a3fa1c33d9a6e059e820221275d9c60eb10085f6164212c291856157/hypothesis-6.163.0-cp313-cp313-macosx_10_12_x86_64.whl", hash = "sha256:a16ebce774755a7a652bd44c62101dc914372ed1a98935969624848c9627b4a4", size = 771335, upload-time = "2026-07-28T07:15:14.988Z" },
    { url = "https://files.pythonhosted.org/packages/54/27/8951688de58314780ba0af5bf2675709009dcc1fb568d244f2a03c4de8e9/hypothesis-6.163.0-cp313-cp313-macosx_11_0_arm64.whl", hash = "sha256:40dfab6fe6a02a80abef81aebf88e53cd529e3f2f6ba3486b674a67b1f4a3512", size = 763020, upload-time = "2026-07-28T07:15:25.218Z" },
    { url = "https://files.pythonhosted.org/packages/8b/d7/9eb7451400507f4b5c972c81c2bc57d0009597ea37295519a9645963a50e/hypothesis-6.163.0-cp313-cp313-manylinux_2_17_aarch64.manylinux2014_aarch64.whl", hash = "sha256:f28ad27193c1fbcfb52ef2ee63d2b721563525089e80962b4268b306dac45507", size = 1093415, upload-time = "2026-07-28T07:16:27.408Z" },
    { url = "https://files.pythonhosted.org/packages/24/cc/c12c780676c7a4a4051d05e7b278a94bf1bb496ef31882881160f16866c9/hypothesis-6.163.0-cp313-cp313-manylinux_2_17_x86_64.manylinux2014_x86_64.whl", hash = "sha256:8aac96db8a6c7ee43aba2ee0d3c43893da1fb7c38ed54790c1be2b6d8fd87b96", size = 1143356, upload-time = "2026-07-28T07:16:01.571Z" },
    { url = "https://files.pythonhosted.org/packages/4b/c1/61c5ebdb77a3f259803e60a12f56de35f8b6d641a6219f798dcfa69dece3/hypothesis-6.163.0-cp313-cp313-musllinux_1_2_aarch64.whl", hash = "sha256:9d23f0f3a14bb6e6f99c793d340196dba4af95ba25bfcab624d1794f540f5e27", size = 1266375, upload-time = "2026-07-28T07:15:11.353Z" },
    { url = "https://files.pythonhosted.org/packages/a2/53/f3a89b4d21d89098d1dec749632aa0fece04f5d17a9e7e91c7f10596d55a/hypothesis-6.163.0-cp313-cp313-musllinux_1_2_x86_64.whl", hash = "sha256:b123b4995a7612f1130e2b2362c9a5d0568df887bf7e7bdb45c23af8cd5423c9", size = 1310257, upload-time = "2026-07-28T07:16:42.213Z" },
    { url = "https://files.pythonhosted.org/packages/06/e7/88e71c4cec0df68aa7a2fb251083c544f30697bd90fb4b1ed19de493ab81/hypothesis-6.163.0-cp313-cp313-win_amd64.whl", hash = "sha256:b268211e625cd550e361fc387bf1db5deb1e9cae0ce4041116f0a0aafeef7c06", size = 658983, upload-time = "2026-07-28T07:16:10.289Z" },
    { url = "https://files.pythonhosted.org/packages/71/df/e3b2f0419cebcc86bba96a357d7ef37790538ed6b09f3183ae01f1fc3d23/hypothesis-6.163.0-cp314-cp314-macosx_10_12_x86_64.whl", hash = "sha256:9105c66ea8dbc108adc42058bb7b65bd953f53ee178bf63bf9ebb0cded6c8c96", size = 771564, upload-time = "2026-07-28T07:15:28.017Z" },
    { url = "https://files.pythonhosted.org/packages/f1/f8/a6f75e61ecd983029f8463bf007498155c4ed33114e6931e7aa3fbaf651e/hypothesis-6.163.0-cp314-cp314-macosx_11_0_arm64.whl", hash = "sha256:e165f6cc2075059b7c95dac1612bfb25494f72d90f56880e84c288b089f8a896", size = 763164, upload-time = "2026-07-28T07:15:29.973Z" },
    { url = "https://files.pythonhosted.org/packages/5e/07/5193812567f6ca46c1f0cd02dabfd47c85d7c9e3287b8a870fc8150ee462/hypothesis-6.163.0-cp314-cp314-manylinux_2_17_aarch64.manylinux2014_aarch64.whl", hash = "sha256:0cba5202f74e7e4cdb676d86f26e8cc1b4fdc88f7f58ba73c8ac45b6b22f3070", size = 1093916, upload-time = "2026-07-28T07:16:25.626Z" },
    { url = "https://files.pythonhosted.org/packages/e4/0c/9d61f0e306499d734dc63ebe374b01c5f50be7072fd5e76eed25cc0b86ac/hypothesis-6.163.0-cp314-cp314-manylinux_2_17_x86_64.manylinux2014_x86_64.whl", hash = "sha256:f7f706df6839dcc53f20833f2933cbcd126fd2fdee7c312e053de49df4b64e44", size = 1143547, upload-time = "2026-07-28T07:15:07.311Z" },
    { url = "https://files.pythonhosted.org/packages/60/b4/2a9eb04c9847ddf7e6b30bba8bc27b7efe5511d368335b6a41657b3f02dd/hypothesis-6.163.0-cp314-cp314-musllinux_1_2_aarch64.whl", hash = "sha256:487ab8ec2f01a225d6a1e2ceadc5290cde2c691952bd2e7f76199cf82e06fb25", size = 1266755, upload-time = "2026-07-28T07:15:41.457Z" },
    { url = "https://files.pythonhosted.org/packages/d2/f3/8d1903fbfcbf48b90bb5590826821afc9b4fc494391ab1fdfab9df23e928/hypothesis-6.163.0-cp314-cp314-musllinux_1_2_x86_64.whl", hash = "sha256:6ae63dec6d1d467b7f4737455f81a7a82f14a41c14510937fcfbc726a085b5f8", size = 1310560, upload-time = "2026-07-28T07:15:58.419Z" },
    { url = "https://files.pythonhosted.org/packages/47/2b/1a8c0457b44775d0aad369f21cbae8026b772a71aa917d1b956b7349b2a4/hypothesis-6.163.0-cp314-cp314-pyemscripten_2026_0_wasm32.whl", hash = "sha256:31dc46c48aa53c3ec92d03120978ca7f19b9cf96d195ed3fc93503f1433c94a6", size = 603067, upload-time = "2026-07-28T07:16:06.697Z" },
    { url = "https://files.pythonhosted.org/packages/10/56/a9cd947064043035457dec0124ac2437ca72acf358b30cf203a229ad831b/hypothesis-6.163.0-cp314-cp314-win_amd64.whl", hash = "sha256:320b076bf6436f971f1c73ee651e60001226d1b4e341f2c4a1ca87248261ca03", size = 658931, upload-time = "2026-07-28T07:15:37.174Z" },
    { url = "https://files.pythonhosted.org/packages/77/37/2d16317fda0ecd915cb094be9a9e8911106e693ed03a4d680de314711854/hypothesis-6.163.0-cp314-cp314t-macosx_10_12_x86_64.whl", hash = "sha256:ab34c61d9249f1a8129cb4276062c04e3e47b5be8de6446e7c7fe11362d6fe43", size = 770142, upload-time = "2026-07-28T07:16:21.827Z" },
    { url = "https://files.pythonhosted.org/packages/3f/65/d80a9bfb7868f2c6c072a684993548391c56e0afa1972f79ee1fe168d91b/hypothesis-6.163.0-cp314-cp314t-macosx_11_0_arm64.whl", hash = "sha256:f2f1b67a48da86d3e41c9445367b49a49f7efdb60fc8b5e3593f05e6afb2efbe", size = 761694, upload-time = "2026-07-28T07:15:31.36Z" },
    { url = "https://files.pythonhosted.org/packages/a7/01/c1f2515c638d2637300bb2fd6af129319eae75cdf2ed7804644535f64fb2/hypothesis-6.163.0-cp314-cp314t-manylinux_2_17_aarch64.manylinux2014_aarch64.whl", hash = "sha256:9c084749c115ea7918cf7efa144682783da17eec70d1276689182b871126e715", size = 1092511, upload-time = "2026-07-28T07:15:51.503Z" },
    { url = "https://files.pythonhosted.org/packages/cd/f8/b3cd946308b5a09e52b075792610da310c0b7972bb1e8aa673400b86540c/hypothesis-6.163.0-cp314-cp314t-manylinux_2_17_x86_64.manylinux2014_x86_64.whl", hash = "sha256:21e72e8d5818e5ef8cd6a2191c386e3fd1a6d9e3739cf97289b4d9b5dbc8e38d", size = 1142425, upload-time = "2026-07-28T07:16:15.626Z" },
    { url = "https://files.pythonhosted.org/packages/85/96/b122859e6f7335b54aff759f573a813158d2249488450a75e76462ddaf61/hypothesis-6.163.0-cp314-cp314t-musllinux_1_2_aarch64.whl", hash = "sha256:5a3ac6c62d49f7fe518dfe7fa924fa03aac839993702207802b0e45f9e1b0dab", size = 1264946, upload-time = "2026-07-28T07:15:23.848Z" },
    { url = "https://files.pythonhosted.org/packages/ba/2e/e0226e8c904b8b4788eb52dacd303c91acbd260904abf64e8f9bad03c88a/hypothesis-6.163.0-cp314-cp314t-musllinux_1_2_x86_64.whl", hash = "sha256:e568a3d766b7ba8df00e0c33efc4c6530cde14fbc72daabe4824eed211ed7596", size = 1309320, upload-time = "2026-07-28T07:16:29.218Z" },
    { url = "https://files.pythonhosted.org/packages/8c/48/e8bd29fed17c9608524b6a39db4a27b6eec7ce85bda78bba3ee0deebd80e/hypothesis-6.163.0-cp314-cp314t-win_amd64.whl", hash = "sha256:b8f22fb8218ba6a452bf9000fc656e1ed57625d17cc8a3871a0fcea3b1b69ebf", size = 659064, upload-time = "2026-07-28T07:16:00.075Z" },
    { url = "https://files.pythonhosted.org/packages/39/db/d4e877b8639bbebedeff4a0511f5fc459c06a31d79a79bf75584eddda8da/hypothesis-6.163.0-pp311-pypy311_pp73-macosx_10_12_x86_64.whl", hash = "sha256:002a9709345892279fb0e81b5a05b72d08cfe81f937339827be0d588607ca9b0", size = 771252, upload-time = "2026-07-28T07:15:08.694Z" },
    { url = "https://files.pythonhosted.org/packages/ea/28/3492490e997e5c8c9244a56728a623ca817577af3462fca5d1def060a066/hypothesis-6.163.0-pp311-pypy311_pp73-macosx_11_0_arm64.whl", hash = "sha256:52f16840add2eb02c2416f3b83cec4f527b6c19699f2d31eff4859233c715526", size = 767161, upload-time = "2026-07-28T07:15:54.972Z" },
    { url = "https://files.pythonhosted.org/packages/51/73/37a4d4a6f3f0789fb2fddc851da957075fbe223706d1148ccc4dda825171/hypothesis-6.163.0-pp311-pypy311_pp73-manylinux_2_17_aarch64.manylinux2014_aarch64.whl", hash = "sha256:34fc895691a2420595506eb17f3a104f2fa9039f013c0770a6cc2743ccaf6fed", size = 1096016, upload-time = "2026-07-28T07:15:09.821Z" },
    { url = "https://files.pythonhosted.org/packages/48/46/20bc7801f8b539334dc0439c28753632a078c96d6732eccf1bd4880644d2/hypothesis-6.163.0-pp311-pypy311_pp73-manylinux_2_17_x86_64.manylinux2014_x86_64.whl", hash = "sha256:7ef8954e37c80e0c46e6161eef1c72c71059b95250e620a77bd646f6c7a52a2d", size = 1145797, upload-time = "2026-07-28T07:15:39.864Z" },
    { url = "https://files.pythonhosted.org/packages/94/c2/4d5c8feb78ed86e698d4e0665d3179eb657ae66d3606ffe096d8055aaa82/hypothesis-6.163.0-pp311-pypy311_pp73-win_amd64.whl", hash = "sha256:d0838a28e9943d5b834ebae59b02adda76e2cd1e65caa808104c72102052057d", size = 662696, upload-time = "2026-07-28T07:15:38.519Z" },
]

[[package]]
name = "sortedcontainers"
version = "2.4.0"
source = { registry = "https://pypi.org/simple" }
sdist = { url = "https://files.pythonhosted.org/packages/e8/c4/ba2f8066cceb6f23394729afe52f3bf7adec04bf9ed2c820b39e19299111/sortedcontainers-2.4.0.tar.gz", hash = "sha256:25caa5a06cc30b6b83d11423433f65d1f9d76c4c6a0c90e3379eaa43b9bfdb88", size = 30594, upload-time = "2021-05-16T22:03:42.897Z" }
wheels = [
    { url = "https://files.pythonhosted.org/packages/32/46/9cb0e58b2deb7f82b84065f37f3bffeb12413f947f9388e4cac22c4621ce/sortedcontainers-2.4.0-py2.py3-none-any.whl", hash = "sha256:a163dcaede0f1c021485e957a39245190e74249897e2ae4b2aa38595db237ee0", size = 29575, upload-time = "2021-05-16T22:03:41.177Z" },
]
